
Microsoft Visual Studio Solution File, Format Version 12.00
# Visual Studio Version 17
VisualStudioVersion = 17.7.34202.233
MinimumVisualStudioVersion = 10.0.40219.1
Project("{9A19103F-16F7-4668-BE54-9A1E7A4F7556}") = "MyAssessment", "MyAssessment\MyAssessment.csproj", "{3AFE54C9-F861-4811-9474-B9D4EEB9D40E}"
EndProject
Global
	GlobalSection(SolutionConfigurationPlatforms) = preSolution
		Debug|Any CPU = Debug|Any CPU
		Release|Any CPU = Release|Any CPU
	EndGlobalSection
	GlobalSection(ProjectConfigurationPlatforms) = postSolution
		{3AFE54C9-F861-4811-9474-B9D4EEB9D40E}.Debug|Any CPU.ActiveCfg = Debug|Any CPU
		{3AFE54C9-F861-4811-9474-B9D4EEB9D40E}.Debug|Any CPU.Build.0 = Debug|Any CPU
		{3AFE54C9-F861-4811-9474-B9D4EEB9D40E}.Release|Any CPU.ActiveCfg = Release|Any CPU
		{3AFE54C9-F861-4811-9474-B9D4EEB9D40E}.Release|Any CPU.Build.0 = Release|Any CPU
	EndGlobalSection
	GlobalSection(SolutionProperties) = preSolution
		HideSolutionNode = FALSE
	EndGlobalSection
	GlobalSection(ExtensibilityGlobals) = postSolution
		SolutionGuid = {5024BAED-4FD4-4F3B-B879-024E62EFD519}
	EndGlobalSection
EndGlobal
